
Microsoft Visual Studio Solution File, Format Version 12.00
# Visual Studio Version 16
VisualStudioVersion = 16.0.32602.290
MinimumVisualStudioVersion = 10.0.40219.1
Project("{FAE04EC0-301F-11D3-BF4B-00C04F79EFBC}") = "Tema2-AdivinaNumero", "Tema2-AdivinaNumero\Tema2-AdivinaNumero.csproj", "{FBD81E02-5E1B-4D32-BF1C-882AD6EAE12F}"
EndProject
Global
	GlobalSection(SolutionConfigurationPlatforms) = preSolution
		Debug|Any CPU = Debug|Any CPU
		Release|Any CPU = Release|Any CPU
	EndGlobalSection
	GlobalSection(ProjectConfigurationPlatforms) = postSolution
		{FBD81E02-5E1B-4D32-BF1C-882AD6EAE12F}.Debug|Any CPU.ActiveCfg = Debug|Any CPU
		{FBD81E02-5E1B-4D32-BF1C-882AD6EAE12F}.Debug|Any CPU.Build.0 = Debug|Any CPU
		{FBD81E02-5E1B-4D32-BF1C-882AD6EAE12F}.Release|Any CPU.ActiveCfg = Release|Any CPU
		{FBD81E02-5E1B-4D32-BF1C-882AD6EAE12F}.Release|Any CPU.Build.0 = Release|Any CPU
	EndGlobalSection
	GlobalSection(SolutionProperties) = preSolution
		HideSolutionNode = FALSE
	EndGlobalSection
	GlobalSection(ExtensibilityGlobals) = postSolution
		SolutionGuid = {7A7341D3-6F4D-4BE8-AEC1-645F546930B9}
	EndGlobalSection
EndGlobal
